
Microsoft Visual Studio Solution File, Format Version 12.00
# Visual Studio 15
VisualStudioVersion = 15.0.28010.2003
MinimumVisualStudioVersion = 10.0.40219.1
Project("{FAE04EC0-301F-11D3-BF4B-00C04F79EFBC}") = "Sales.Android", "Sales\Sales.Android\Sales.Android.csproj", "{A8FECFE2-579A-4753-9BC9-37B554B3A33E}"
EndProject
Project("{FAE04EC0-301F-11D3-BF4B-00C04F79EFBC}") = "Sales.iOS", "Sales\Sales.iOS\Sales.iOS.csproj", "{AA872B20-C6EC-40F3-8D54-E24C26CBB9F1}"
EndProject
Project("{FAE04EC0-301F-11D3-BF4B-00C04F79EFBC}") = "Sales.UWP", "Sales\Sales.UWP\Sales.UWP.csproj", "{70EDF54A-6556-4E5C-8DC9-2CE1DAA41374}"
EndProject
Project("{9A19103F-16F7-4668-BE54-9A1E7A4F7556}") = "Sales", "Sales\Sales\Sales.csproj", "{2EE258F9-DB9D-416B-AAAC-51DB632B4784}"
EndProject
Project("{FAE04EC0-301F-11D3-BF4B-00C04F79EFBC}") = "Sales.Backend", "Sales.Backend\Sales.Backend.csproj", "{28CD0DD3-A1B7-41E6-A304-6EC907D20855}"
EndProject
Project("{FAE04EC0-301F-11D3-BF4B-00C04F79EFBC}") = "Sales.API", "Sales.API\Sales.API.csproj", "{A12CDAED-ABE9-4C57-ADDC-F2BE1D9E39A2}"
EndProject
Project("{FAE04EC0-301F-11D3-BF4B-00C04F79EFBC}") = "Sales.Domain", "Sales.Domain\Sales.Domain.csproj", "{4A5F6415-3633-478C-A1AC-01CF492A9851}"
EndProject
Project("{FAE04EC0-301F-11D3-BF4B-00C04F79EFBC}") = "Sales.Common", "Sales.Common\Sales.Common.csproj", "{73A7DC9A-FBDB-4DD3-9562-4F21DDE1802A}"
EndProject
Global
	GlobalSection(SolutionConfigurationPlatforms) = preSolution
		Ad-Hoc|Any CPU = Ad-Hoc|Any CPU
		Ad-Hoc|ARM = Ad-Hoc|ARM
		Ad-Hoc|iPhone = Ad-Hoc|iPhone
		Ad-Hoc|iPhoneSimulator = Ad-Hoc|iPhoneSimulator
		Ad-Hoc|x64 = Ad-Hoc|x64
		Ad-Hoc|x86 = Ad-Hoc|x86
		AppStore|Any CPU = AppStore|Any CPU
		AppStore|ARM = AppStore|ARM
		AppStore|iPhone = AppStore|iPhone
		AppStore|iPhoneSimulator = AppStore|iPhoneSimulator
		AppStore|x64 = AppStore|x64
		AppStore|x86 = AppStore|x86
		Debug|Any CPU = Debug|Any CPU
		Debug|ARM = Debug|ARM
		Debug|iPhone = Debug|iPhone
		Debug|iPhoneSimulator = Debug|iPhoneSimulator
		Debug|x64 = Debug|x64
		Debug|x86 = Debug|x86
		Release|Any CPU = Release|Any CPU
		Release|ARM = Release|ARM
		Release|iPhone = Release|iPhone
		Release|iPhoneSimulator = Release|iPhoneSimulator
		Release|x64 = Release|x64
		Release|x86 = Release|x86
	EndGlobalSection
	GlobalSection(ProjectConfigurationPlatforms) = postSolution
		{A8FECFE2-579A-4753-9BC9-37B554B3A33E}.Ad-Hoc|Any CPU.ActiveCfg = Release|Any CPU
		{A8FECFE2-579A-4753-9BC9-37B554B3A33E}.Ad-Hoc|Any CPU.Build.0 = Release|Any CPU
		{A8FECFE2-579A-4753-9BC9-37B554B3A33E}.Ad-Hoc|Any CPU.Deploy.0 = Release|Any CPU
		{A8FECFE2-579A-4753-9BC9-37B554B3A33E}.Ad-Hoc|ARM.ActiveCfg = Release|Any CPU
		{A8FECFE2-579A-4753-9BC9-37B554B3A33E}.Ad-Hoc|ARM.Build.0 = Release|Any CPU
		{A8FECFE2-579A-4753-9BC9-37B554B3A33E}.Ad-Hoc|ARM.Deploy.0 = Release|Any CPU
		{A8FECFE2-579A-4753-9BC9-37B554B3A33E}.Ad-Hoc|iPhone.ActiveCfg = Release|Any CPU
		{A8FECFE2-579A-4753-9BC9-37B554B3A33E}.Ad-Hoc|iPhone.Build.0 = Release|Any CPU
		{A8FECFE2-579A-4753-9BC9-37B554B3A33E}.Ad-Hoc|iPhone.Deploy.0 = Release|Any CPU
		{A8FECFE2-579A-4753-9BC9-37B554B3A33E}.Ad-Hoc|iPhoneSimulator.ActiveCfg = Release|Any CPU
		{A8FECFE2-579A-4753-9BC9-37B554B3A33E}.Ad-Hoc|iPhoneSimulator.Build.0 = Release|Any CPU
		{A8FECFE2-579A-4753-9BC9-37B554B3A33E}.Ad-Hoc|iPhoneSimulator.Deploy.0 = Release|Any CPU
		{A8FECFE2-579A-4753-9BC9-37B554B3A33E}.Ad-Hoc|x64.ActiveCfg = Release|Any CPU
		{A8FECFE2-579A-4753-9BC9-37B554B3A33E}.Ad-Hoc|x64.Build.0 = Release|Any CPU
		{A8FECFE2-579A-4753-9BC9-37B554B3A33E}.Ad-Hoc|x64.Deploy.0 = Release|Any CPU
		{A8FECFE2-579A-4753-9BC9-37B554B3A33E}.Ad-Hoc|x86.ActiveCfg = Release|Any CPU
		{A8FECFE2-579A-4753-9BC9-37B554B3A33E}.Ad-Hoc|x86.Build.0 = Release|Any CPU
		{A8FECFE2-579A-4753-9BC9-37B554B3A33E}.Ad-Hoc|x86.Deploy.0 = Release|Any CPU
		{A8FECFE2-579A-4753-9BC9-37B554B3A33E}.AppStore|Any CPU.ActiveCfg = Release|Any CPU
		{A8FECFE2-579A-4753-9BC9-37B554B3A33E}.AppStore|Any CPU.Build.0 = Release|Any CPU
		{A8FECFE2-579A-4753-9BC9-37B554B3A33E}.AppStore|Any CPU.Deploy.0 = Release|Any CPU
		{A8FECFE2-579A-4753-9BC9-37B554B3A33E}.AppStore|ARM.ActiveCfg = Release|Any CPU
		{A8FECFE2-579A-4753-9BC9-37B554B3A33E}.AppStore|ARM.Build.0 = Release|Any CPU
		{A8FECFE2-579A-4753-9BC9-37B554B3A33E}.AppStore|ARM.Deploy.0 = Release|Any CPU
		{A8FECFE2-579A-4753-9BC9-37B554B3A33E}.AppStore|iPhone.ActiveCfg = Release|Any CPU
		{A8FECFE2-579A-4753-9BC9-37B554B3A33E}.AppStore|iPhone.Build.0 = Release|Any CPU
		{A8FECFE2-579A-4753-9BC9-37B554B3A33E}.AppStore|iPhone.Deploy.0 = Release|Any CPU
		{A8FECFE2-579A-4753-9BC9-37B554B3A33E}.AppStore|iPhoneSimulator.ActiveCfg = Release|Any CPU
		{A8FECFE2-579A-4753-9BC9-37B554B3A33E}.AppStore|iPhoneSimulator.Build.0 = Release|Any CPU
		{A8FECFE2-579A-4753-9BC9-37B554B3A33E}.AppStore|iPhoneSimulator.Deploy.0 = Release|Any CPU
		{A8FECFE2-579A-4753-9BC9-37B554B3A33E}.AppStore|x64.ActiveCfg = Release|Any CPU
		{A8FECFE2-579A-4753-9BC9-37B554B3A33E}.AppStore|x64.Build.0 = Release|Any CPU
		{A8FECFE2-579A-4753-9BC9-37B554B3A33E}.AppStore|x64.Deploy.0 = Release|Any CPU
		{A8FECFE2-579A-4753-9BC9-37B554B3A33E}.AppStore|x86.ActiveCfg = Release|Any CPU
		{A8FECFE2-579A-4753-9BC9-37B554B3A33E}.AppStore|x86.Build.0 = Release|Any CPU
		{A8FECFE2-579A-4753-9BC9-37B554B3A33E}.AppStore|x86.Deploy.0 = Release|Any CPU
		{A8FECFE2-579A-4753-9BC9-37B554B3A33E}.Debug|Any CPU.ActiveCfg = Debug|Any CPU
		{A8FECFE2-579A-4753-9BC9-37B554B3A33E}.Debug|Any CPU.Build.0 = Debug|Any CPU
		{A8FECFE2-579A-4753-9BC9-37B554B3A33E}.Debug|Any CPU.Deploy.0 = Debug|Any CPU
		{A8FECFE2-579A-4753-9BC9-37B554B3A33E}.Debug|ARM.ActiveCfg = Debug|Any CPU
		{A8FECFE2-579A-4753-9BC9-37B554B3A33E}.Debug|ARM.Build.0 = Debug|Any CPU
		{A8FECFE2-579A-4753-9BC9-37B554B3A33E}.Debug|ARM.Deploy.0 = Debug|Any CPU
		{A8FECFE2-579A-4753-9BC9-37B554B3A33E}.Debug|iPhone.ActiveCfg = Debug|Any CPU
		{A8FECFE2-579A-4753-9BC9-37B554B3A33E}.Debug|iPhone.Build.0 = Debug|Any CPU
		{A8FECFE2-579A-4753-9BC9-37B554B3A33E}.Debug|iPhone.Deploy.0 = Debug|Any CPU
		{A8FECFE2-579A-4753-9BC9-37B554B3A33E}.Debug|iPhoneSimulator.ActiveCfg = Debug|Any CPU
		{A8FECFE2-579A-4753-9BC9-37B554B3A33E}.Debug|iPhoneSimulator.Build.0 = Debug|Any CPU
		{A8FECFE2-579A-4753-9BC9-37B554B3A33E}.Debug|iPhoneSimulator.Deploy.0 = Debug|Any CPU
		{A8FECFE2-579A-4753-9BC9-37B554B3A33E}.Debug|x64.ActiveCfg = Debug|Any CPU
		{A8FECFE2-579A-4753-9BC9-37B554B3A33E}.Debug|x64.Build.0 = Debug|Any CPU
		{A8FECFE2-579A-4753-9BC9-37B554B3A33E}.Debug|x64.Deploy.0 = Debug|Any CPU
		{A8FECFE2-579A-4753-9BC9-37B554B3A33E}.Debug|x86.ActiveCfg = Debug|Any CPU
		{A8FECFE2-579A-4753-9BC9-37B554B3A33E}.Debug|x86.Build.0 = Debug|Any CPU
		{A8FECFE2-579A-4753-9BC9-37B554B3A33E}.Debug|x86.Deploy.0 = Debug|Any CPU
		{A8FECFE2-579A-4753-9BC9-37B554B3A33E}.Release|Any CPU.ActiveCfg = Release|Any CPU
		{A8FECFE2-579A-4753-9BC9-37B554B3A33E}.Release|Any CPU.Build.0 = Release|Any CPU
		{A8FECFE2-579A-4753-9BC9-37B554B3A33E}.Release|Any CPU.Deploy.0 = Release|Any CPU
		{A8FECFE2-579A-4753-9BC9-37B554B3A33E}.Release|ARM.ActiveCfg = Release|Any CPU
		{A8FECFE2-579A-4753-9BC9-37B554B3A33E}.Release|ARM.Build.0 = Release|Any CPU
		{A8FECFE2-579A-4753-9BC9-37B554B3A33E}.Release|ARM.Deploy.0 = Release|Any CPU
		{A8FECFE2-579A-4753-9BC9-37B554B3A33E}.Release|iPhone.ActiveCfg = Release|Any CPU
		{A8FECFE2-579A-4753-9BC9-37B554B3A33E}.Release|iPhone.Build.0 = Release|Any CPU
		{A8FECFE2-579A-4753-9BC9-37B554B3A33E}.Release|iPhone.Deploy.0 = Release|Any CPU
		{A8FECFE2-579A-4753-9BC9-37B554B3A33E}.Release|iPhoneSimulator.ActiveCfg = Release|Any CPU
		{A8FECFE2-579A-4753-9BC9-37B554B3A33E}.Release|iPhoneSimulator.Build.0 = Release|Any CPU
		{A8FECFE2-579A-4753-9BC9-37B554B3A33E}.Release|iPhoneSimulator.Deploy.0 = Release|Any CPU
		{A8FECFE2-579A-4753-9BC9-37B554B3A33E}.Release|x64.ActiveCfg = Release|Any CPU
		{A8FECFE2-579A-4753-9BC9-37B554B3A33E}.Release|x64.Build.0 = Release|Any CPU
		{A8FECFE2-579A-4753-9BC9-37B554B3A33E}.Release|x64.Deploy.0 = Release|Any CPU
		{A8FECFE2-579A-4753-9BC9-37B554B3A33E}.Release|x86.ActiveCfg = Release|Any CPU
		{A8FECFE2-579A-4753-9BC9-37B554B3A33E}.Release|x86.Build.0 = Release|Any CPU
		{A8FECFE2-579A-4753-9BC9-37B554B3A33E}.Release|x86.Deploy.0 = Release|Any CPU
		{AA872B20-C6EC-40F3-8D54-E24C26CBB9F1}.Ad-Hoc|Any CPU.ActiveCfg = Ad-Hoc|iPhone
		{AA872B20-C6EC-40F3-8D54-E24C26CBB9F1}.Ad-Hoc|Any CPU.Build.0 = Ad-Hoc|iPhone
		{AA872B20-C6EC-40F3-8D54-E24C26CBB9F1}.Ad-Hoc|Any CPU.Deploy.0 = Ad-Hoc|iPhone
		{AA872B20-C6EC-40F3-8D54-E24C26CBB9F1}.Ad-Hoc|ARM.ActiveCfg = Ad-Hoc|iPhone
		{AA872B20-C6EC-40F3-8D54-E24C26CBB9F1}.Ad-Hoc|ARM.Build.0 = Ad-Hoc|iPhone
		{AA872B20-C6EC-40F3-8D54-E24C26CBB9F1}.Ad-Hoc|ARM.Deploy.0 = Ad-Hoc|iPhone
		{AA872B20-C6EC-40F3-8D54-E24C26CBB9F1}.Ad-Hoc|iPhone.ActiveCfg = Ad-Hoc|iPhone
		{AA872B20-C6EC-40F3-8D54-E24C26CBB9F1}.Ad-Hoc|iPhone.Build.0 = Ad-Hoc|iPhone
		{AA872B20-C6EC-40F3-8D54-E24C26CBB9F1}.Ad-Hoc|iPhone.Deploy.0 = Ad-Hoc|iPhone
		{AA872B20-C6EC-40F3-8D54-E24C26CBB9F1}.Ad-Hoc|iPhoneSimulator.ActiveCfg = Ad-Hoc|iPhoneSimulator
		{AA872B20-C6EC-40F3-8D54-E24C26CBB9F1}.Ad-Hoc|iPhoneSimulator.Build.0 = Ad-Hoc|iPhoneSimulator
		{AA872B20-C6EC-40F3-8D54-E24C26CBB9F1}.Ad-Hoc|iPhoneSimulator.Deploy.0 = Ad-Hoc|iPhoneSimulator
		{AA872B20-C6EC-40F3-8D54-E24C26CBB9F1}.Ad-Hoc|x64.ActiveCfg = Ad-Hoc|iPhone
		{AA872B20-C6EC-40F3-8D54-E24C26CBB9F1}.Ad-Hoc|x64.Build.0 = Ad-Hoc|iPhone
		{AA872B20-C6EC-40F3-8D54-E24C26CBB9F1}.Ad-Hoc|x64.Deploy.0 = Ad-Hoc|iPhone
		{AA872B20-C6EC-40F3-8D54-E24C26CBB9F1}.Ad-Hoc|x86.ActiveCfg = Ad-Hoc|iPhone
		{AA872B20-C6EC-40F3-8D54-E24C26CBB9F1}.Ad-Hoc|x86.Build.0 = Ad-Hoc|iPhone
		{AA872B20-C6EC-40F3-8D54-E24C26CBB9F1}.Ad-Hoc|x86.Deploy.0 = Ad-Hoc|iPhone
		{AA872B20-C6EC-40F3-8D54-E24C26CBB9F1}.AppStore|Any CPU.ActiveCfg = AppStore|iPhone
		{AA872B20-C6EC-40F3-8D54-E24C26CBB9F1}.AppStore|Any CPU.Build.0 = AppStore|iPhone
		{AA872B20-C6EC-40F3-8D54-E24C26CBB9F1}.AppStore|Any CPU.Deploy.0 = AppStore|iPhone
		{AA872B20-C6EC-40F3-8D54-E24C26CBB9F1}.AppStore|ARM.ActiveCfg = AppStore|iPhone
		{AA872B20-C6EC-40F3-8D54-E24C26CBB9F1}.AppStore|ARM.Build.0 = AppStore|iPhone
		{AA872B20-C6EC-40F3-8D54-E24C26CBB9F1}.AppStore|ARM.Deploy.0 = AppStore|iPhone
		{AA872B20-C6EC-40F3-8D54-E24C26CBB9F1}.AppStore|iPhone.ActiveCfg = AppStore|iPhone
		{AA872B20-C6EC-40F3-8D54-E24C26CBB9F1}.AppStore|iPhone.Build.0 = AppStore|iPhone
		{AA872B20-C6EC-40F3-8D54-E24C26CBB9F1}.AppStore|iPhone.Deploy.0 = AppStore|iPhone
		{AA872B20-C6EC-40F3-8D54-E24C26CBB9F1}.AppStore|iPhoneSimulator.ActiveCfg = AppStore|iPhoneSimulator
		{AA872B20-C6EC-40F3-8D54-E24C26CBB9F1}.AppStore|iPhoneSimulator.Build.0 = AppStore|iPhoneSimulator
		{AA872B20-C6EC-40F3-8D54-E24C26CBB9F1}.AppStore|iPhoneSimulator.Deploy.0 = AppStore|iPhoneSimulator
		{AA872B20-C6EC-40F3-8D54-E24C26CBB9F1}.AppStore|x64.ActiveCfg = AppStore|iPhone
		{AA872B20-C6EC-40F3-8D54-E24C26CBB9F1}.AppStore|x64.Build.0 = AppStore|iPhone
		{AA872B20-C6EC-40F3-8D54-E24C26CBB9F1}.AppStore|x64.Deploy.0 = AppStore|iPhone
		{AA872B20-C6EC-40F3-8D54-E24C26CBB9F1}.AppStore|x86.ActiveCfg = AppStore|iPhone
		{AA872B20-C6EC-40F3-8D54-E24C26CBB9F1}.AppStore|x86.Build.0 = AppStore|iPhone
		{AA872B20-C6EC-40F3-8D54-E24C26CBB9F1}.AppStore|x86.Deploy.0 = AppStore|iPhone
		{AA872B20-C6EC-40F3-8D54-E24C26CBB9F1}.Debug|Any CPU.ActiveCfg = Debug|iPhoneSimulator
		{AA872B20-C6EC-40F3-8D54-E24C26CBB9F1}.Debug|Any CPU.Build.0 = Debug|iPhoneSimulator
		{AA872B20-C6EC-40F3-8D54-E24C26CBB9F1}.Debug|Any CPU.Deploy.0 = Debug|iPhoneSimulator
		{AA872B20-C6EC-40F3-8D54-E24C26CBB9F1}.Debug|ARM.ActiveCfg = Debug|iPhone
		{AA872B20-C6EC-40F3-8D54-E24C26CBB9F1}.Debug|ARM.Build.0 = Debug|iPhone
		{AA872B20-C6EC-40F3-8D54-E24C26CBB9F1}.Debug|ARM.Deploy.0 = Debug|iPhone
		{AA872B20-C6EC-40F3-8D54-E24C26CBB9F1}.Debug|iPhone.ActiveCfg = Debug|iPhone
		{AA872B20-C6EC-40F3-8D54-E24C26CBB9F1}.Debug|iPhone.Build.0 = Debug|iPhone
		{AA872B20-C6EC-40F3-8D54-E24C26CBB9F1}.Debug|iPhone.Deploy.0 = Debug|iPhone
		{AA872B20-C6EC-40F3-8D54-E24C26CBB9F1}.Debug|iPhoneSimulator.ActiveCfg = Debug|iPhoneSimulator
		{AA872B20-C6EC-40F3-8D54-E24C26CBB9F1}.Debug|iPhoneSimulator.Build.0 = Debug|iPhoneSimulator
		{AA872B20-C6EC-40F3-8D54-E24C26CBB9F1}.Debug|iPhoneSimulator.Deploy.0 = Debug|iPhoneSimulator
		{AA872B20-C6EC-40F3-8D54-E24C26CBB9F1}.Debug|x64.ActiveCfg = Debug|iPhone
		{AA872B20-C6EC-40F3-8D54-E24C26CBB9F1}.Debug|x64.Build.0 = Debug|iPhone
		{AA872B20-C6EC-40F3-8D54-E24C26CBB9F1}.Debug|x64.Deploy.0 = Debug|iPhone
		{AA872B20-C6EC-40F3-8D54-E24C26CBB9F1}.Debug|x86.ActiveCfg = Debug|iPhone
		{AA872B20-C6EC-40F3-8D54-E24C26CBB9F1}.Debug|x86.Build.0 = Debug|iPhone
		{AA872B20-C6EC-40F3-8D54-E24C26CBB9F1}.Debug|x86.Deploy.0 = Debug|iPhone
		{AA872B20-C6EC-40F3-8D54-E24C26CBB9F1}.Release|Any CPU.ActiveCfg = Release|iPhone
		{AA872B20-C6EC-40F3-8D54-E24C26CBB9F1}.Release|Any CPU.Build.0 = Release|iPhone
		{AA872B20-C6EC-40F3-8D54-E24C26CBB9F1}.Release|Any CPU.Deploy.0 = Release|iPhone
		{AA872B20-C6EC-40F3-8D54-E24C26CBB9F1}.Release|ARM.ActiveCfg = Release|iPhone
		{AA872B20-C6EC-40F3-8D54-E24C26CBB9F1}.Release|ARM.Build.0 = Release|iPhone
		{AA872B20-C6EC-40F3-8D54-E24C26CBB9F1}.Release|ARM.Deploy.0 = Release|iPhone
		{AA872B20-C6EC-40F3-8D54-E24C26CBB9F1}.Release|iPhone.ActiveCfg = Release|iPhone
		{AA872B20-C6EC-40F3-8D54-E24C26CBB9F1}.Release|iPhone.Build.0 = Release|iPhone
		{AA872B20-C6EC-40F3-8D54-E24C26CBB9F1}.Release|iPhone.Deploy.0 = Release|iPhone
		{AA872B20-C6EC-40F3-8D54-E24C26CBB9F1}.Release|iPhoneSimulator.ActiveCfg = Release|iPhoneSimulator
		{AA872B20-C6EC-40F3-8D54-E24C26CBB9F1}.Release|iPhoneSimulator.Build.0 = Release|iPhoneSimulator
		{AA872B20-C6EC-40F3-8D54-E24C26CBB9F1}.Release|iPhoneSimulator.Deploy.0 = Release|iPhoneSimulator
		{AA872B20-C6EC-40F3-8D54-E24C26CBB9F1}.Release|x64.ActiveCfg = Release|iPhone
		{AA872B20-C6EC-40F3-8D54-E24C26CBB9F1}.Release|x64.Build.0 = Release|iPhone
		{AA872B20-C6EC-40F3-8D54-E24C26CBB9F1}.Release|x64.Deploy.0 = Release|iPhone
		{AA872B20-C6EC-40F3-8D54-E24C26CBB9F1}.Release|x86.ActiveCfg = Release|iPhone
		{AA872B20-C6EC-40F3-8D54-E24C26CBB9F1}.Release|x86.Build.0 = Release|iPhone
		{AA872B20-C6EC-40F3-8D54-E24C26CBB9F1}.Release|x86.Deploy.0 = Release|iPhone
		{70EDF54A-6556-4E5C-8DC9-2CE1DAA41374}.Ad-Hoc|Any CPU.ActiveCfg = Release|x86
		{70EDF54A-6556-4E5C-8DC9-2CE1DAA41374}.Ad-Hoc|Any CPU.Build.0 = Release|x86
		{70EDF54A-6556-4E5C-8DC9-2CE1DAA41374}.Ad-Hoc|Any CPU.Deploy.0 = Release|x86
		{70EDF54A-6556-4E5C-8DC9-2CE1DAA41374}.Ad-Hoc|ARM.ActiveCfg = Release|ARM
		{70EDF54A-6556-4E5C-8DC9-2CE1DAA41374}.Ad-Hoc|ARM.Build.0 = Release|ARM
		{70EDF54A-6556-4E5C-8DC9-2CE1DAA41374}.Ad-Hoc|ARM.Deploy.0 = Release|ARM
		{70EDF54A-6556-4E5C-8DC9-2CE1DAA41374}.Ad-Hoc|iPhone.ActiveCfg = Release|x86
		{70EDF54A-6556-4E5C-8DC9-2CE1DAA41374}.Ad-Hoc|iPhone.Build.0 = Release|x86
		{70EDF54A-6556-4E5C-8DC9-2CE1DAA41374}.Ad-Hoc|iPhone.Deploy.0 = Release|x86
		{70EDF54A-6556-4E5C-8DC9-2CE1DAA41374}.Ad-Hoc|iPhoneSimulator.ActiveCfg = Release|x86
		{70EDF54A-6556-4E5C-8DC9-2CE1DAA41374}.Ad-Hoc|iPhoneSimulator.Build.0 = Release|x86
		{70EDF54A-6556-4E5C-8DC9-2CE1DAA41374}.Ad-Hoc|iPhoneSimulator.Deploy.0 = Release|x86
		{70EDF54A-6556-4E5C-8DC9-2CE1DAA41374}.Ad-Hoc|x64.ActiveCfg = Release|x64
		{70EDF54A-6556-4E5C-8DC9-2CE1DAA41374}.Ad-Hoc|x64.Build.0 = Release|x64
		{70EDF54A-6556-4E5C-8DC9-2CE1DAA41374}.Ad-Hoc|x64.Deploy.0 = Release|x64
		{70EDF54A-6556-4E5C-8DC9-2CE1DAA41374}.Ad-Hoc|x86.ActiveCfg = Release|x86
		{70EDF54A-6556-4E5C-8DC9-2CE1DAA41374}.Ad-Hoc|x86.Build.0 = Release|x86
		{70EDF54A-6556-4E5C-8DC9-2CE1DAA41374}.Ad-Hoc|x86.Deploy.0 = Release|x86
		{70EDF54A-6556-4E5C-8DC9-2CE1DAA41374}.AppStore|Any CPU.ActiveCfg = Release|x86
		{70EDF54A-6556-4E5C-8DC9-2CE1DAA41374}.AppStore|Any CPU.Build.0 = Release|x86
		{70EDF54A-6556-4E5C-8DC9-2CE1DAA41374}.AppStore|Any CPU.Deploy.0 = Release|x86
		{70EDF54A-6556-4E5C-8DC9-2CE1DAA41374}.AppStore|ARM.ActiveCfg = Release|ARM
		{70EDF54A-6556-4E5C-8DC9-2CE1DAA41374}.AppStore|ARM.Build.0 = Release|ARM
		{70EDF54A-6556-4E5C-8DC9-2CE1DAA41374}.AppStore|ARM.Deploy.0 = Release|ARM
		{70EDF54A-6556-4E5C-8DC9-2CE1DAA41374}.AppStore|iPhone.ActiveCfg = Release|x86
		{70EDF54A-6556-4E5C-8DC9-2CE1DAA41374}.AppStore|iPhone.Build.0 = Release|x86
		{70EDF54A-6556-4E5C-8DC9-2CE1DAA41374}.AppStore|iPhone.Deploy.0 = Release|x86
		{70EDF54A-6556-4E5C-8DC9-2CE1DAA41374}.AppStore|iPhoneSimulator.ActiveCfg = Release|x86
		{70EDF54A-6556-4E5C-8DC9-2CE1DAA41374}.AppStore|iPhoneSimulator.Build.0 = Release|x86
		{70EDF54A-6556-4E5C-8DC9-2CE1DAA41374}.AppStore|iPhoneSimulator.Deploy.0 = Release|x86
		{70EDF54A-6556-4E5C-8DC9-2CE1DAA41374}.AppStore|x64.ActiveCfg = Release|x64
		{70EDF54A-6556-4E5C-8DC9-2CE1DAA41374}.AppStore|x64.Build.0 = Release|x64
		{70EDF54A-6556-4E5C-8DC9-2CE1DAA41374}.AppStore|x64.Deploy.0 = Release|x64
		{70EDF54A-6556-4E5C-8DC9-2CE1DAA41374}.AppStore|x86.ActiveCfg = Release|x86
		{70EDF54A-6556-4E5C-8DC9-2CE1DAA41374}.AppStore|x86.Build.0 = Release|x86
		{70EDF54A-6556-4E5C-8DC9-2CE1DAA41374}.AppStore|x86.Deploy.0 = Release|x86
		{70EDF54A-6556-4E5C-8DC9-2CE1DAA41374}.Debug|Any CPU.ActiveCfg = Debug|x86
		{70EDF54A-6556-4E5C-8DC9-2CE1DAA41374}.Debug|Any CPU.Build.0 = Debug|x86
		{70EDF54A-6556-4E5C-8DC9-2CE1DAA41374}.Debug|Any CPU.Deploy.0 = Debug|x86
		{70EDF54A-6556-4E5C-8DC9-2CE1DAA41374}.Debug|ARM.ActiveCfg = Debug|ARM
		{70EDF54A-6556-4E5C-8DC9-2CE1DAA41374}.Debug|ARM.Build.0 = Debug|ARM
		{70EDF54A-6556-4E5C-8DC9-2CE1DAA41374}.Debug|ARM.Deploy.0 = Debug|ARM
		{70EDF54A-6556-4E5C-8DC9-2CE1DAA41374}.Debug|iPhone.ActiveCfg = Debug|x86
		{70EDF54A-6556-4E5C-8DC9-2CE1DAA41374}.Debug|iPhone.Build.0 = Debug|x86
		{70EDF54A-6556-4E5C-8DC9-2CE1DAA41374}.Debug|iPhone.Deploy.0 = Debug|x86
		{70EDF54A-6556-4E5C-8DC9-2CE1DAA41374}.Debug|iPhoneSimulator.ActiveCfg = Debug|x86
		{70EDF54A-6556-4E5C-8DC9-2CE1DAA41374}.Debug|iPhoneSimulator.Build.0 = Debug|x86
		{70EDF54A-6556-4E5C-8DC9-2CE1DAA41374}.Debug|iPhoneSimulator.Deploy.0 = Debug|x86
		{70EDF54A-6556-4E5C-8DC9-2CE1DAA41374}.Debug|x64.ActiveCfg = Debug|x64
		{70EDF54A-6556-4E5C-8DC9-2CE1DAA41374}.Debug|x64.Build.0 = Debug|x64
		{70EDF54A-6556-4E5C-8DC9-2CE1DAA41374}.Debug|x64.Deploy.0 = Debug|x64
		{70EDF54A-6556-4E5C-8DC9-2CE1DAA41374}.Debug|x86.ActiveCfg = Debug|x86
		{70EDF54A-6556-4E5C-8DC9-2CE1DAA41374}.Debug|x86.Build.0 = Debug|x86
		{70EDF54A-6556-4E5C-8DC9-2CE1DAA41374}.Debug|x86.Deploy.0 = Debug|x86
		{70EDF54A-6556-4E5C-8DC9-2CE1DAA41374}.Release|Any CPU.ActiveCfg = Release|x86
		{70EDF54A-6556-4E5C-8DC9-2CE1DAA41374}.Release|Any CPU.Build.0 = Release|x86
		{70EDF54A-6556-4E5C-8DC9-2CE1DAA41374}.Release|Any CPU.Deploy.0 = Release|x86
		{70EDF54A-6556-4E5C-8DC9-2CE1DAA41374}.Release|ARM.ActiveCfg = Release|ARM
		{70EDF54A-6556-4E5C-8DC9-2CE1DAA41374}.Release|ARM.Build.0 = Release|ARM
		{70EDF54A-6556-4E5C-8DC9-2CE1DAA41374}.Release|ARM.Deploy.0 = Release|ARM
		{70EDF54A-6556-4E5C-8DC9-2CE1DAA41374}.Release|iPhone.ActiveCfg = Release|x86
		{70EDF54A-6556-4E5C-8DC9-2CE1DAA41374}.Release|iPhone.Build.0 = Release|x86
		{70EDF54A-6556-4E5C-8DC9-2CE1DAA41374}.Release|iPhone.Deploy.0 = Release|x86
		{70EDF54A-6556-4E5C-8DC9-2CE1DAA41374}.Release|iPhoneSimulator.ActiveCfg = Release|x86
		{70EDF54A-6556-4E5C-8DC9-2CE1DAA41374}.Release|iPhoneSimulator.Build.0 = Release|x86
		{70EDF54A-6556-4E5C-8DC9-2CE1DAA41374}.Release|iPhoneSimulator.Deploy.0 = Release|x86
		{70EDF54A-6556-4E5C-8DC9-2CE1DAA41374}.Release|x64.ActiveCfg = Release|x64
		{70EDF54A-6556-4E5C-8DC9-2CE1DAA41374}.Release|x64.Build.0 = Release|x64
		{70EDF54A-6556-4E5C-8DC9-2CE1DAA41374}.Release|x64.Deploy.0 = Release|x64
		{70EDF54A-6556-4E5C-8DC9-2CE1DAA41374}.Release|x86.ActiveCfg = Release|x86
		{70EDF54A-6556-4E5C-8DC9-2CE1DAA41374}.Release|x86.Build.0 = Release|x86
		{70EDF54A-6556-4E5C-8DC9-2CE1DAA41374}.Release|x86.Deploy.0 = Release|x86
		{2EE258F9-DB9D-416B-AAAC-51DB632B4784}.Ad-Hoc|Any CPU.ActiveCfg = Debug|Any CPU
		{2EE258F9-DB9D-416B-AAAC-51DB632B4784}.Ad-Hoc|Any CPU.Build.0 = Debug|Any CPU
		{2EE258F9-DB9D-416B-AAAC-51DB632B4784}.Ad-Hoc|Any CPU.Deploy.0 = Debug|Any CPU
		{2EE258F9-DB9D-416B-AAAC-51DB632B4784}.Ad-Hoc|ARM.ActiveCfg = Debug|Any CPU
		{2EE258F9-DB9D-416B-AAAC-51DB632B4784}.Ad-Hoc|ARM.Build.0 = Debug|Any CPU
		{2EE258F9-DB9D-416B-AAAC-51DB632B4784}.Ad-Hoc|ARM.Deploy.0 = Debug|Any CPU
		{2EE258F9-DB9D-416B-AAAC-51DB632B4784}.Ad-Hoc|iPhone.ActiveCfg = Debug|Any CPU
		{2EE258F9-DB9D-416B-AAAC-51DB632B4784}.Ad-Hoc|iPhone.Build.0 = Debug|Any CPU
		{2EE258F9-DB9D-416B-AAAC-51DB632B4784}.Ad-Hoc|iPhone.Deploy.0 = Debug|Any CPU
		{2EE258F9-DB9D-416B-AAAC-51DB632B4784}.Ad-Hoc|iPhoneSimulator.ActiveCfg = Debug|Any CPU
		{2EE258F9-DB9D-416B-AAAC-51DB632B4784}.Ad-Hoc|iPhoneSimulator.Build.0 = Debug|Any CPU
		{2EE258F9-DB9D-416B-AAAC-51DB632B4784}.Ad-Hoc|iPhoneSimulator.Deploy.0 = Debug|Any CPU
		{2EE258F9-DB9D-416B-AAAC-51DB632B4784}.Ad-Hoc|x64.ActiveCfg = Debug|Any CPU
		{2EE258F9-DB9D-416B-AAAC-51DB632B4784}.Ad-Hoc|x64.Build.0 = Debug|Any CPU
		{2EE258F9-DB9D-416B-AAAC-51DB632B4784}.Ad-Hoc|x64.Deploy.0 = Debug|Any CPU
		{2EE258F9-DB9D-416B-AAAC-51DB632B4784}.Ad-Hoc|x86.ActiveCfg = Debug|Any CPU
		{2EE258F9-DB9D-416B-AAAC-51DB632B4784}.Ad-Hoc|x86.Build.0 = Debug|Any CPU
		{2EE258F9-DB9D-416B-AAAC-51DB632B4784}.Ad-Hoc|x86.Deploy.0 = Debug|Any CPU
		{2EE258F9-DB9D-416B-AAAC-51DB632B4784}.AppStore|Any CPU.ActiveCfg = Debug|Any CPU
		{2EE258F9-DB9D-416B-AAAC-51DB632B4784}.AppStore|Any CPU.Build.0 = Debug|Any CPU
		{2EE258F9-DB9D-416B-AAAC-51DB632B4784}.AppStore|Any CPU.Deploy.0 = Debug|Any CPU
		{2EE258F9-DB9D-416B-AAAC-51DB632B4784}.AppStore|ARM.ActiveCfg = Debug|Any CPU
		{2EE258F9-DB9D-416B-AAAC-51DB632B4784}.AppStore|ARM.Build.0 = Debug|Any CPU
		{2EE258F9-DB9D-416B-AAAC-51DB632B4784}.AppStore|ARM.Deploy.0 = Debug|Any CPU
		{2EE258F9-DB9D-416B-AAAC-51DB632B4784}.AppStore|iPhone.ActiveCfg = Debug|Any CPU
		{2EE258F9-DB9D-416B-AAAC-51DB632B4784}.AppStore|iPhone.Build.0 = Debug|Any CPU
		{2EE258F9-DB9D-416B-AAAC-51DB632B4784}.AppStore|iPhone.Deploy.0 = Debug|Any CPU
		{2EE258F9-DB9D-416B-AAAC-51DB632B4784}.AppStore|iPhoneSimulator.ActiveCfg = Debug|Any CPU
		{2EE258F9-DB9D-416B-AAAC-51DB632B4784}.AppStore|iPhoneSimulator.Build.0 = Debug|Any CPU
		{2EE258F9-DB9D-416B-AAAC-51DB632B4784}.AppStore|iPhoneSimulator.Deploy.0 = Debug|Any CPU
		{2EE258F9-DB9D-416B-AAAC-51DB632B4784}.AppStore|x64.ActiveCfg = Debug|Any CPU
		{2EE258F9-DB9D-416B-AAAC-51DB632B4784}.AppStore|x64.Build.0 = Debug|Any CPU
		{2EE258F9-DB9D-416B-AAAC-51DB632B4784}.AppStore|x64.Deploy.0 = Debug|Any CPU
		{2EE258F9-DB9D-416B-AAAC-51DB632B4784}.AppStore|x86.ActiveCfg = Debug|Any CPU
		{2EE258F9-DB9D-416B-AAAC-51DB632B4784}.AppStore|x86.Build.0 = Debug|Any CPU
		{2EE258F9-DB9D-416B-AAAC-51DB632B4784}.AppStore|x86.Deploy.0 = Debug|Any CPU
		{2EE258F9-DB9D-416B-AAAC-51DB632B4784}.Debug|Any CPU.ActiveCfg = Debug|Any CPU
		{2EE258F9-DB9D-416B-AAAC-51DB632B4784}.Debug|Any CPU.Build.0 = Debug|Any CPU
		{2EE258F9-DB9D-416B-AAAC-51DB632B4784}.Debug|Any CPU.Deploy.0 = Debug|Any CPU
		{2EE258F9-DB9D-416B-AAAC-51DB632B4784}.Debug|ARM.ActiveCfg = Debug|Any CPU
		{2EE258F9-DB9D-416B-AAAC-51DB632B4784}.Debug|ARM.Build.0 = Debug|Any CPU
		{2EE258F9-DB9D-416B-AAAC-51DB632B4784}.Debug|ARM.Deploy.0 = Debug|Any CPU
		{2EE258F9-DB9D-416B-AAAC-51DB632B4784}.Debug|iPhone.ActiveCfg = Debug|Any CPU
		{2EE258F9-DB9D-416B-AAAC-51DB632B4784}.Debug|iPhone.Build.0 = Debug|Any CPU
		{2EE258F9-DB9D-416B-AAAC-51DB632B4784}.Debug|iPhone.Deploy.0 = Debug|Any CPU
		{2EE258F9-DB9D-416B-AAAC-51DB632B4784}.Debug|iPhoneSimulator.ActiveCfg = Debug|Any CPU
		{2EE258F9-DB9D-416B-AAAC-51DB632B4784}.Debug|iPhoneSimulator.Build.0 = Debug|Any CPU
		{2EE258F9-DB9D-416B-AAAC-51DB632B4784}.Debug|iPhoneSimulator.Deploy.0 = Debug|Any CPU
		{2EE258F9-DB9D-416B-AAAC-51DB632B4784}.Debug|x64.ActiveCfg = Debug|Any CPU
		{2EE258F9-DB9D-416B-AAAC-51DB632B4784}.Debug|x64.Build.0 = Debug|Any CPU
		{2EE258F9-DB9D-416B-AAAC-51DB632B4784}.Debug|x64.Deploy.0 = Debug|Any CPU
		{2EE258F9-DB9D-416B-AAAC-51DB632B4784}.Debug|x86.ActiveCfg = Debug|Any CPU
		{2EE258F9-DB9D-416B-AAAC-51DB632B4784}.Debug|x86.Build.0 = Debug|Any CPU
		{2EE258F9-DB9D-416B-AAAC-51DB632B4784}.Debug|x86.Deploy.0 = Debug|Any CPU
		{2EE258F9-DB9D-416B-AAAC-51DB632B4784}.Release|Any CPU.ActiveCfg = Release|Any CPU
		{2EE258F9-DB9D-416B-AAAC-51DB632B4784}.Release|Any CPU.Build.0 = Release|Any CPU
		{2EE258F9-DB9D-416B-AAAC-51DB632B4784}.Release|Any CPU.Deploy.0 = Release|Any CPU
		{2EE258F9-DB9D-416B-AAAC-51DB632B4784}.Release|ARM.ActiveCfg = Release|Any CPU
		{2EE258F9-DB9D-416B-AAAC-51DB632B4784}.Release|ARM.Build.0 = Release|Any CPU
		{2EE258F9-DB9D-416B-AAAC-51DB632B4784}.Release|ARM.Deploy.0 = Release|Any CPU
		{2EE258F9-DB9D-416B-AAAC-51DB632B4784}.Release|iPhone.ActiveCfg = Release|Any CPU
		{2EE258F9-DB9D-416B-AAAC-51DB632B4784}.Release|iPhone.Build.0 = Release|Any CPU
		{2EE258F9-DB9D-416B-AAAC-51DB632B4784}.Release|iPhone.Deploy.0 = Release|Any CPU
		{2EE258F9-DB9D-416B-AAAC-51DB632B4784}.Release|iPhoneSimulator.ActiveCfg = Release|Any CPU
		{2EE258F9-DB9D-416B-AAAC-51DB632B4784}.Release|iPhoneSimulator.Build.0 = Release|Any CPU
		{2EE258F9-DB9D-416B-AAAC-51DB632B4784}.Release|iPhoneSimulator.Deploy.0 = Release|Any CPU
		{2EE258F9-DB9D-416B-AAAC-51DB632B4784}.Release|x64.ActiveCfg = Release|Any CPU
		{2EE258F9-DB9D-416B-AAAC-51DB632B4784}.Release|x64.Build.0 = Release|Any CPU
		{2EE258F9-DB9D-416B-AAAC-51DB632B4784}.Release|x64.Deploy.0 = Release|Any CPU
		{2EE258F9-DB9D-416B-AAAC-51DB632B4784}.Release|x86.ActiveCfg = Release|Any CPU
		{2EE258F9-DB9D-416B-AAAC-51DB632B4784}.Release|x86.Build.0 = Release|Any CPU
		{2EE258F9-DB9D-416B-AAAC-51DB632B4784}.Release|x86.Deploy.0 = Release|Any CPU
		{28CD0DD3-A1B7-41E6-A304-6EC907D20855}.Ad-Hoc|Any CPU.ActiveCfg = Release|Any CPU
		{28CD0DD3-A1B7-41E6-A304-6EC907D20855}.Ad-Hoc|Any CPU.Build.0 = Release|Any CPU
		{28CD0DD3-A1B7-41E6-A304-6EC907D20855}.Ad-Hoc|ARM.ActiveCfg = Release|Any CPU
		{28CD0DD3-A1B7-41E6-A304-6EC907D20855}.Ad-Hoc|ARM.Build.0 = Release|Any CPU
		{28CD0DD3-A1B7-41E6-A304-6EC907D20855}.Ad-Hoc|iPhone.ActiveCfg = Release|Any CPU
		{28CD0DD3-A1B7-41E6-A304-6EC907D20855}.Ad-Hoc|iPhone.Build.0 = Release|Any CPU
		{28CD0DD3-A1B7-41E6-A304-6EC907D20855}.Ad-Hoc|iPhoneSimulator.ActiveCfg = Release|Any CPU
		{28CD0DD3-A1B7-41E6-A304-6EC907D20855}.Ad-Hoc|iPhoneSimulator.Build.0 = Release|Any CPU
		{28CD0DD3-A1B7-41E6-A304-6EC907D20855}.Ad-Hoc|x64.ActiveCfg = Release|Any CPU
		{28CD0DD3-A1B7-41E6-A304-6EC907D20855}.Ad-Hoc|x64.Build.0 = Release|Any CPU
		{28CD0DD3-A1B7-41E6-A304-6EC907D20855}.Ad-Hoc|x86.ActiveCfg = Release|Any CPU
		{28CD0DD3-A1B7-41E6-A304-6EC907D20855}.Ad-Hoc|x86.Build.0 = Release|Any CPU
		{28CD0DD3-A1B7-41E6-A304-6EC907D20855}.AppStore|Any CPU.ActiveCfg = Release|Any CPU
		{28CD0DD3-A1B7-41E6-A304-6EC907D20855}.AppStore|Any CPU.Build.0 = Release|Any CPU
		{28CD0DD3-A1B7-41E6-A304-6EC907D20855}.AppStore|ARM.ActiveCfg = Release|Any CPU
		{28CD0DD3-A1B7-41E6-A304-6EC907D20855}.AppStore|ARM.Build.0 = Release|Any CPU
		{28CD0DD3-A1B7-41E6-A304-6EC907D20855}.AppStore|iPhone.ActiveCfg = Release|Any CPU
		{28CD0DD3-A1B7-41E6-A304-6EC907D20855}.AppStore|iPhone.Build.0 = Release|Any CPU
		{28CD0DD3-A1B7-41E6-A304-6EC907D20855}.AppStore|iPhoneSimulator.ActiveCfg = Release|Any CPU
		{28CD0DD3-A1B7-41E6-A304-6EC907D20855}.AppStore|iPhoneSimulator.Build.0 = Release|Any CPU
		{28CD0DD3-A1B7-41E6-A304-6EC907D20855}.AppStore|x64.ActiveCfg = Release|Any CPU
		{28CD0DD3-A1B7-41E6-A304-6EC907D20855}.AppStore|x64.Build.0 = Release|Any CPU
		{28CD0DD3-A1B7-41E6-A304-6EC907D20855}.AppStore|x86.ActiveCfg = Release|Any CPU
		{28CD0DD3-A1B7-41E6-A304-6EC907D20855}.AppStore|x86.Build.0 = Release|Any CPU
		{28CD0DD3-A1B7-41E6-A304-6EC907D20855}.Debug|Any CPU.ActiveCfg = Debug|Any CPU
		{28CD0DD3-A1B7-41E6-A304-6EC907D20855}.Debug|Any CPU.Build.0 = Debug|Any CPU
		{28CD0DD3-A1B7-41E6-A304-6EC907D20855}.Debug|ARM.ActiveCfg = Debug|Any CPU
		{28CD0DD3-A1B7-41E6-A304-6EC907D20855}.Debug|ARM.Build.0 = Debug|Any CPU
		{28CD0DD3-A1B7-41E6-A304-6EC907D20855}.Debug|iPhone.ActiveCfg = Debug|Any CPU
		{28CD0DD3-A1B7-41E6-A304-6EC907D20855}.Debug|iPhone.Build.0 = Debug|Any CPU
		{28CD0DD3-A1B7-41E6-A304-6EC907D20855}.Debug|iPhoneSimulator.ActiveCfg = Debug|Any CPU
		{28CD0DD3-A1B7-41E6-A304-6EC907D20855}.Debug|iPhoneSimulator.Build.0 = Debug|Any CPU
		{28CD0DD3-A1B7-41E6-A304-6EC907D20855}.Debug|x64.ActiveCfg = Debug|Any CPU
		{28CD0DD3-A1B7-41E6-A304-6EC907D20855}.Debug|x64.Build.0 = Debug|Any CPU
		{28CD0DD3-A1B7-41E6-A304-6EC907D20855}.Debug|x86.ActiveCfg = Debug|Any CPU
		{28CD0DD3-A1B7-41E6-A304-6EC907D20855}.Debug|x86.Build.0 = Debug|Any CPU
		{28CD0DD3-A1B7-41E6-A304-6EC907D20855}.Release|Any CPU.ActiveCfg = Release|Any CPU
		{28CD0DD3-A1B7-41E6-A304-6EC907D20855}.Release|Any CPU.Build.0 = Release|Any CPU
		{28CD0DD3-A1B7-41E6-A304-6EC907D20855}.Release|ARM.ActiveCfg = Release|Any CPU
		{28CD0DD3-A1B7-41E6-A304-6EC907D20855}.Release|ARM.Build.0 = Release|Any CPU
		{28CD0DD3-A1B7-41E6-A304-6EC907D20855}.Release|iPhone.ActiveCfg = Release|Any CPU
		{28CD0DD3-A1B7-41E6-A304-6EC907D20855}.Release|iPhone.Build.0 = Release|Any CPU
		{28CD0DD3-A1B7-41E6-A304-6EC907D20855}.Release|iPhoneSimulator.ActiveCfg = Release|Any CPU
		{28CD0DD3-A1B7-41E6-A304-6EC907D20855}.Release|iPhoneSimulator.Build.0 = Release|Any CPU
		{28CD0DD3-A1B7-41E6-A304-6EC907D20855}.Release|x64.ActiveCfg = Release|Any CPU
		{28CD0DD3-A1B7-41E6-A304-6EC907D20855}.Release|x64.Build.0 = Release|Any CPU
		{28CD0DD3-A1B7-41E6-A304-6EC907D20855}.Release|x86.ActiveCfg = Release|Any CPU
		{28CD0DD3-A1B7-41E6-A304-6EC907D20855}.Release|x86.Build.0 = Release|Any CPU
		{A12CDAED-ABE9-4C57-ADDC-F2BE1D9E39A2}.Ad-Hoc|Any CPU.ActiveCfg = Release|Any CPU
		{A12CDAED-ABE9-4C57-ADDC-F2BE1D9E39A2}.Ad-Hoc|Any CPU.Build.0 = Release|Any CPU
		{A12CDAED-ABE9-4C57-ADDC-F2BE1D9E39A2}.Ad-Hoc|ARM.ActiveCfg = Release|Any CPU
		{A12CDAED-ABE9-4C57-ADDC-F2BE1D9E39A2}.Ad-Hoc|ARM.Build.0 = Release|Any CPU
		{A12CDAED-ABE9-4C57-ADDC-F2BE1D9E39A2}.Ad-Hoc|iPhone.ActiveCfg = Release|Any CPU
		{A12CDAED-ABE9-4C57-ADDC-F2BE1D9E39A2}.Ad-Hoc|iPhone.Build.0 = Release|Any CPU
		{A12CDAED-ABE9-4C57-ADDC-F2BE1D9E39A2}.Ad-Hoc|iPhoneSimulator.ActiveCfg = Release|Any CPU
		{A12CDAED-ABE9-4C57-ADDC-F2BE1D9E39A2}.Ad-Hoc|iPhoneSimulator.Build.0 = Release|Any CPU
		{A12CDAED-ABE9-4C57-ADDC-F2BE1D9E39A2}.Ad-Hoc|x64.ActiveCfg = Release|Any CPU
		{A12CDAED-ABE9-4C57-ADDC-F2BE1D9E39A2}.Ad-Hoc|x64.Build.0 = Release|Any CPU
		{A12CDAED-ABE9-4C57-ADDC-F2BE1D9E39A2}.Ad-Hoc|x86.ActiveCfg = Release|Any CPU
		{A12CDAED-ABE9-4C57-ADDC-F2BE1D9E39A2}.Ad-Hoc|x86.Build.0 = Release|Any CPU
		{A12CDAED-ABE9-4C57-ADDC-F2BE1D9E39A2}.AppStore|Any CPU.ActiveCfg = Release|Any CPU
		{A12CDAED-ABE9-4C57-ADDC-F2BE1D9E39A2}.AppStore|Any CPU.Build.0 = Release|Any CPU
		{A12CDAED-ABE9-4C57-ADDC-F2BE1D9E39A2}.AppStore|ARM.ActiveCfg = Release|Any CPU
		{A12CDAED-ABE9-4C57-ADDC-F2BE1D9E39A2}.AppStore|ARM.Build.0 = Release|Any CPU
		{A12CDAED-ABE9-4C57-ADDC-F2BE1D9E39A2}.AppStore|iPhone.ActiveCfg = Release|Any CPU
		{A12CDAED-ABE9-4C57-ADDC-F2BE1D9E39A2}.AppStore|iPhone.Build.0 = Release|Any CPU
		{A12CDAED-ABE9-4C57-ADDC-F2BE1D9E39A2}.AppStore|iPhoneSimulator.ActiveCfg = Release|Any CPU
		{A12CDAED-ABE9-4C57-ADDC-F2BE1D9E39A2}.AppStore|iPhoneSimulator.Build.0 = Release|Any CPU
		{A12CDAED-ABE9-4C57-ADDC-F2BE1D9E39A2}.AppStore|x64.ActiveCfg = Release|Any CPU
		{A12CDAED-ABE9-4C57-ADDC-F2BE1D9E39A2}.AppStore|x64.Build.0 = Release|Any CPU
		{A12CDAED-ABE9-4C57-ADDC-F2BE1D9E39A2}.AppStore|x86.ActiveCfg = Release|Any CPU
		{A12CDAED-ABE9-4C57-ADDC-F2BE1D9E39A2}.AppStore|x86.Build.0 = Release|Any CPU
		{A12CDAED-ABE9-4C57-ADDC-F2BE1D9E39A2}.Debug|Any CPU.ActiveCfg = Debug|Any CPU
		{A12CDAED-ABE9-4C57-ADDC-F2BE1D9E39A2}.Debug|Any CPU.Build.0 = Debug|Any CPU
		{A12CDAED-ABE9-4C57-ADDC-F2BE1D9E39A2}.Debug|ARM.ActiveCfg = Debug|Any CPU
		{A12CDAED-ABE9-4C57-ADDC-F2BE1D9E39A2}.Debug|ARM.Build.0 = Debug|Any CPU
		{A12CDAED-ABE9-4C57-ADDC-F2BE1D9E39A2}.Debug|iPhone.ActiveCfg = Debug|Any CPU
		{A12CDAED-ABE9-4C57-ADDC-F2BE1D9E39A2}.Debug|iPhone.Build.0 = Debug|Any CPU
		{A12CDAED-ABE9-4C57-ADDC-F2BE1D9E39A2}.Debug|iPhoneSimulator.ActiveCfg = Debug|Any CPU
		{A12CDAED-ABE9-4C57-ADDC-F2BE1D9E39A2}.Debug|iPhoneSimulator.Build.0 = Debug|Any CPU
		{A12CDAED-ABE9-4C57-ADDC-F2BE1D9E39A2}.Debug|x64.ActiveCfg = Debug|Any CPU
		{A12CDAED-ABE9-4C57-ADDC-F2BE1D9E39A2}.Debug|x64.Build.0 = Debug|Any CPU
		{A12CDAED-ABE9-4C57-ADDC-F2BE1D9E39A2}.Debug|x86.ActiveCfg = Debug|Any CPU
		{A12CDAED-ABE9-4C57-ADDC-F2BE1D9E39A2}.Debug|x86.Build.0 = Debug|Any CPU
		{A12CDAED-ABE9-4C57-ADDC-F2BE1D9E39A2}.Release|Any CPU.ActiveCfg = Release|Any CPU
		{A12CDAED-ABE9-4C57-ADDC-F2BE1D9E39A2}.Release|Any CPU.Build.0 = Release|Any CPU
		{A12CDAED-ABE9-4C57-ADDC-F2BE1D9E39A2}.Release|ARM.ActiveCfg = Release|Any CPU
		{A12CDAED-ABE9-4C57-ADDC-F2BE1D9E39A2}.Release|ARM.Build.0 = Release|Any CPU
		{A12CDAED-ABE9-4C57-ADDC-F2BE1D9E39A2}.Release|iPhone.ActiveCfg = Release|Any CPU
		{A12CDAED-ABE9-4C57-ADDC-F2BE1D9E39A2}.Release|iPhone.Build.0 = Release|Any CPU
		{A12CDAED-ABE9-4C57-ADDC-F2BE1D9E39A2}.Release|iPhoneSimulator.ActiveCfg = Release|Any CPU
		{A12CDAED-ABE9-4C57-ADDC-F2BE1D9E39A2}.Release|iPhoneSimulator.Build.0 = Release|Any CPU
		{A12CDAED-ABE9-4C57-ADDC-F2BE1D9E39A2}.Release|x64.ActiveCfg = Release|Any CPU
		{A12CDAED-ABE9-4C57-ADDC-F2BE1D9E39A2}.Release|x64.Build.0 = Release|Any CPU
		{A12CDAED-ABE9-4C57-ADDC-F2BE1D9E39A2}.Release|x86.ActiveCfg = Release|Any CPU
		{A12CDAED-ABE9-4C57-ADDC-F2BE1D9E39A2}.Release|x86.Build.0 = Release|Any CPU
		{4A5F6415-3633-478C-A1AC-01CF492A9851}.Ad-Hoc|Any CPU.ActiveCfg = Release|Any CPU
		{4A5F6415-3633-478C-A1AC-01CF492A9851}.Ad-Hoc|Any CPU.Build.0 = Release|Any CPU
		{4A5F6415-3633-478C-A1AC-01CF492A9851}.Ad-Hoc|ARM.ActiveCfg = Release|Any CPU
		{4A5F6415-3633-478C-A1AC-01CF492A9851}.Ad-Hoc|ARM.Build.0 = Release|Any CPU
		{4A5F6415-3633-478C-A1AC-01CF492A9851}.Ad-Hoc|iPhone.ActiveCfg = Release|Any CPU
		{4A5F6415-3633-478C-A1AC-01CF492A9851}.Ad-Hoc|iPhone.Build.0 = Release|Any CPU
		{4A5F6415-3633-478C-A1AC-01CF492A9851}.Ad-Hoc|iPhoneSimulator.ActiveCfg = Release|Any CPU
		{4A5F6415-3633-478C-A1AC-01CF492A9851}.Ad-Hoc|iPhoneSimulator.Build.0 = Release|Any CPU
		{4A5F6415-3633-478C-A1AC-01CF492A9851}.Ad-Hoc|x64.ActiveCfg = Release|Any CPU
		{4A5F6415-3633-478C-A1AC-01CF492A9851}.Ad-Hoc|x64.Build.0 = Release|Any CPU
		{4A5F6415-3633-478C-A1AC-01CF492A9851}.Ad-Hoc|x86.ActiveCfg = Release|Any CPU
		{4A5F6415-3633-478C-A1AC-01CF492A9851}.Ad-Hoc|x86.Build.0 = Release|Any CPU
		{4A5F6415-3633-478C-A1AC-01CF492A9851}.AppStore|Any CPU.ActiveCfg = Release|Any CPU
		{4A5F6415-3633-478C-A1AC-01CF492A9851}.AppStore|Any CPU.Build.0 = Release|Any CPU
		{4A5F6415-3633-478C-A1AC-01CF492A9851}.AppStore|ARM.ActiveCfg = Release|Any CPU
		{4A5F6415-3633-478C-A1AC-01CF492A9851}.AppStore|ARM.Build.0 = Release|Any CPU
		{4A5F6415-3633-478C-A1AC-01CF492A9851}.AppStore|iPhone.ActiveCfg = Release|Any CPU
		{4A5F6415-3633-478C-A1AC-01CF492A9851}.AppStore|iPhone.Build.0 = Release|Any CPU
		{4A5F6415-3633-478C-A1AC-01CF492A9851}.AppStore|iPhoneSimulator.ActiveCfg = Release|Any CPU
		{4A5F6415-3633-478C-A1AC-01CF492A9851}.AppStore|iPhoneSimulator.Build.0 = Release|Any CPU
		{4A5F6415-3633-478C-A1AC-01CF492A9851}.AppStore|x64.ActiveCfg = Release|Any CPU
		{4A5F6415-3633-478C-A1AC-01CF492A9851}.AppStore|x64.Build.0 = Release|Any CPU
		{4A5F6415-3633-478C-A1AC-01CF492A9851}.AppStore|x86.ActiveCfg = Release|Any CPU
		{4A5F6415-3633-478C-A1AC-01CF492A9851}.AppStore|x86.Build.0 = Release|Any CPU
		{4A5F6415-3633-478C-A1AC-01CF492A9851}.Debug|Any CPU.ActiveCfg = Debug|Any CPU
		{4A5F6415-3633-478C-A1AC-01CF492A9851}.Debug|Any CPU.Build.0 = Debug|Any CPU
		{4A5F6415-3633-478C-A1AC-01CF492A9851}.Debug|ARM.ActiveCfg = Debug|Any CPU
		{4A5F6415-3633-478C-A1AC-01CF492A9851}.Debug|ARM.Build.0 = Debug|Any CPU
		{4A5F6415-3633-478C-A1AC-01CF492A9851}.Debug|iPhone.ActiveCfg = Debug|Any CPU
		{4A5F6415-3633-478C-A1AC-01CF492A9851}.Debug|iPhone.Build.0 = Debug|Any CPU
		{4A5F6415-3633-478C-A1AC-01CF492A9851}.Debug|iPhoneSimulator.ActiveCfg = Debug|Any CPU
		{4A5F6415-3633-478C-A1AC-01CF492A9851}.Debug|iPhoneSimulator.Build.0 = Debug|Any CPU
		{4A5F6415-3633-478C-A1AC-01CF492A9851}.Debug|x64.ActiveCfg = Debug|Any CPU
		{4A5F6415-3633-478C-A1AC-01CF492A9851}.Debug|x64.Build.0 = Debug|Any CPU
		{4A5F6415-3633-478C-A1AC-01CF492A9851}.Debug|x86.ActiveCfg = Debug|Any CPU
		{4A5F6415-3633-478C-A1AC-01CF492A9851}.Debug|x86.Build.0 = Debug|Any CPU
		{4A5F6415-3633-478C-A1AC-01CF492A9851}.Release|Any CPU.ActiveCfg = Release|Any CPU
		{4A5F6415-3633-478C-A1AC-01CF492A9851}.Release|Any CPU.Build.0 = Release|Any CPU
		{4A5F6415-3633-478C-A1AC-01CF492A9851}.Release|ARM.ActiveCfg = Release|Any CPU
		{4A5F6415-3633-478C-A1AC-01CF492A9851}.Release|ARM.Build.0 = Release|Any CPU
		{4A5F6415-3633-478C-A1AC-01CF492A9851}.Release|iPhone.ActiveCfg = Release|Any CPU
		{4A5F6415-3633-478C-A1AC-01CF492A9851}.Release|iPhone.Build.0 = Release|Any CPU
		{4A5F6415-3633-478C-A1AC-01CF492A9851}.Release|iPhoneSimulator.ActiveCfg = Release|Any CPU
		{4A5F6415-3633-478C-A1AC-01CF492A9851}.Release|iPhoneSimulator.Build.0 = Release|Any CPU
		{4A5F6415-3633-478C-A1AC-01CF492A9851}.Release|x64.ActiveCfg = Release|Any CPU
		{4A5F6415-3633-478C-A1AC-01CF492A9851}.Release|x64.Build.0 = Release|Any CPU
		{4A5F6415-3633-478C-A1AC-01CF492A9851}.Release|x86.ActiveCfg = Release|Any CPU
		{4A5F6415-3633-478C-A1AC-01CF492A9851}.Release|x86.Build.0 = Release|Any CPU
		{73A7DC9A-FBDB-4DD3-9562-4F21DDE1802A}.Ad-Hoc|Any CPU.ActiveCfg = Release|Any CPU
		{73A7DC9A-FBDB-4DD3-9562-4F21DDE1802A}.Ad-Hoc|Any CPU.Build.0 = Release|Any CPU
		{73A7DC9A-FBDB-4DD3-9562-4F21DDE1802A}.Ad-Hoc|ARM.ActiveCfg = Release|Any CPU
		{73A7DC9A-FBDB-4DD3-9562-4F21DDE1802A}.Ad-Hoc|ARM.Build.0 = Release|Any CPU
		{73A7DC9A-FBDB-4DD3-9562-4F21DDE1802A}.Ad-Hoc|iPhone.ActiveCfg = Release|Any CPU
		{73A7DC9A-FBDB-4DD3-9562-4F21DDE1802A}.Ad-Hoc|iPhone.Build.0 = Release|Any CPU
		{73A7DC9A-FBDB-4DD3-9562-4F21DDE1802A}.Ad-Hoc|iPhoneSimulator.ActiveCfg = Release|Any CPU
		{73A7DC9A-FBDB-4DD3-9562-4F21DDE1802A}.Ad-Hoc|iPhoneSimulator.Build.0 = Release|Any CPU
		{73A7DC9A-FBDB-4DD3-9562-4F21DDE1802A}.Ad-Hoc|x64.ActiveCfg = Release|Any CPU
		{73A7DC9A-FBDB-4DD3-9562-4F21DDE1802A}.Ad-Hoc|x64.Build.0 = Release|Any CPU
		{73A7DC9A-FBDB-4DD3-9562-4F21DDE1802A}.Ad-Hoc|x86.ActiveCfg = Release|Any CPU
		{73A7DC9A-FBDB-4DD3-9562-4F21DDE1802A}.Ad-Hoc|x86.Build.0 = Release|Any CPU
		{73A7DC9A-FBDB-4DD3-9562-4F21DDE1802A}.AppStore|Any CPU.ActiveCfg = Release|Any CPU
		{73A7DC9A-FBDB-4DD3-9562-4F21DDE1802A}.AppStore|Any CPU.Build.0 = Release|Any CPU
		{73A7DC9A-FBDB-4DD3-9562-4F21DDE1802A}.AppStore|ARM.ActiveCfg = Release|Any CPU
		{73A7DC9A-FBDB-4DD3-9562-4F21DDE1802A}.AppStore|ARM.Build.0 = Release|Any CPU
		{73A7DC9A-FBDB-4DD3-9562-4F21DDE1802A}.AppStore|iPhone.ActiveCfg = Release|Any CPU
		{73A7DC9A-FBDB-4DD3-9562-4F21DDE1802A}.AppStore|iPhone.Build.0 = Release|Any CPU
		{73A7DC9A-FBDB-4DD3-9562-4F21DDE1802A}.AppStore|iPhoneSimulator.ActiveCfg = Release|Any CPU
		{73A7DC9A-FBDB-4DD3-9562-4F21DDE1802A}.AppStore|iPhoneSimulator.Build.0 = Release|Any CPU
		{73A7DC9A-FBDB-4DD3-9562-4F21DDE1802A}.AppStore|x64.ActiveCfg = Release|Any CPU
		{73A7DC9A-FBDB-4DD3-9562-4F21DDE1802A}.AppStore|x64.Build.0 = Release|Any CPU
		{73A7DC9A-FBDB-4DD3-9562-4F21DDE1802A}.AppStore|x86.ActiveCfg = Release|Any CPU
		{73A7DC9A-FBDB-4DD3-9562-4F21DDE1802A}.AppStore|x86.Build.0 = Release|Any CPU
		{73A7DC9A-FBDB-4DD3-9562-4F21DDE1802A}.Debug|Any CPU.ActiveCfg = Debug|Any CPU
		{73A7DC9A-FBDB-4DD3-9562-4F21DDE1802A}.Debug|Any CPU.Build.0 = Debug|Any CPU
		{73A7DC9A-FBDB-4DD3-9562-4F21DDE1802A}.Debug|ARM.ActiveCfg = Debug|Any CPU
		{73A7DC9A-FBDB-4DD3-9562-4F21DDE1802A}.Debug|ARM.Build.0 = Debug|Any CPU
		{73A7DC9A-FBDB-4DD3-9562-4F21DDE1802A}.Debug|iPhone.ActiveCfg = Debug|Any CPU
		{73A7DC9A-FBDB-4DD3-9562-4F21DDE1802A}.Debug|iPhone.Build.0 = Debug|Any CPU
		{73A7DC9A-FBDB-4DD3-9562-4F21DDE1802A}.Debug|iPhoneSimulator.ActiveCfg = Debug|Any CPU
		{73A7DC9A-FBDB-4DD3-9562-4F21DDE1802A}.Debug|iPhoneSimulator.Build.0 = Debug|Any CPU
		{73A7DC9A-FBDB-4DD3-9562-4F21DDE1802A}.Debug|x64.ActiveCfg = Debug|Any CPU
		{73A7DC9A-FBDB-4DD3-9562-4F21DDE1802A}.Debug|x64.Build.0 = Debug|Any CPU
		{73A7DC9A-FBDB-4DD3-9562-4F21DDE1802A}.Debug|x86.ActiveCfg = Debug|Any CPU
		{73A7DC9A-FBDB-4DD3-9562-4F21DDE1802A}.Debug|x86.Build.0 = Debug|Any CPU
		{73A7DC9A-FBDB-4DD3-9562-4F21DDE1802A}.Release|Any CPU.ActiveCfg = Release|Any CPU
		{73A7DC9A-FBDB-4DD3-9562-4F21DDE1802A}.Release|Any CPU.Build.0 = Release|Any CPU
		{73A7DC9A-FBDB-4DD3-9562-4F21DDE1802A}.Release|ARM.ActiveCfg = Release|Any CPU
		{73A7DC9A-FBDB-4DD3-9562-4F21DDE1802A}.Release|ARM.Build.0 = Release|Any CPU
		{73A7DC9A-FBDB-4DD3-9562-4F21DDE1802A}.Release|iPhone.ActiveCfg = Release|Any CPU
		{73A7DC9A-FBDB-4DD3-9562-4F21DDE1802A}.Release|iPhone.Build.0 = Release|Any CPU
		{73A7DC9A-FBDB-4DD3-9562-4F21DDE1802A}.Release|iPhoneSimulator.ActiveCfg = Release|Any CPU
		{73A7DC9A-FBDB-4DD3-9562-4F21DDE1802A}.Release|iPhoneSimulator.Build.0 = Release|Any CPU
		{73A7DC9A-FBDB-4DD3-9562-4F21DDE1802A}.Release|x64.ActiveCfg = Release|Any CPU
		{73A7DC9A-FBDB-4DD3-9562-4F21DDE1802A}.Release|x64.Build.0 = Release|Any CPU
		{73A7DC9A-FBDB-4DD3-9562-4F21DDE1802A}.Release|x86.ActiveCfg = Release|Any CPU
		{73A7DC9A-FBDB-4DD3-9562-4F21DDE1802A}.Release|x86.Build.0 = Release|Any CPU
	EndGlobalSection
	GlobalSection(SolutionProperties) = preSolution
		HideSolutionNode = FALSE
	EndGlobalSection
	GlobalSection(ExtensibilityGlobals) = postSolution
		SolutionGuid = {7EB7F566-64BF-434A-A11B-2D5B9EF2560E}
	EndGlobalSection
EndGlobal
